
Microsoft Visual Studio Solution File, Format Version 12.00
# Visual Studio Version 16
VisualStudioVersion = 16.0.28922.388
MinimumVisualStudioVersion = 10.0.40219.1
Project("{FAE04EC0-301F-11D3-BF4B-00C04F79EFBC}") = "Pharmacy", "Pharmacy\Pharmacy.csproj", "{804B6BF2-B6C5-47DC-894D-C9D3664837B8}"
EndProject
Global
	GlobalSection(SolutionConfigurationPlatforms) = preSolution
		Debug|Any CPU = Debug|Any CPU
		Release|Any CPU = Release|Any CPU
	EndGlobalSection
	GlobalSection(ProjectConfigurationPlatforms) = postSolution
		{804B6BF2-B6C5-47DC-894D-C9D3664837B8}.Debug|Any CPU.ActiveCfg = Debug|Any CPU
		{804B6BF2-B6C5-47DC-894D-C9D3664837B8}.Debug|Any CPU.Build.0 = Debug|Any CPU
		{804B6BF2-B6C5-47DC-894D-C9D3664837B8}.Release|Any CPU.ActiveCfg = Release|Any CPU
		{804B6BF2-B6C5-47DC-894D-C9D3664837B8}.Release|Any CPU.Build.0 = Release|Any CPU
	EndGlobalSection
	GlobalSection(SolutionProperties) = preSolution
		HideSolutionNode = FALSE
	EndGlobalSection
	GlobalSection(ExtensibilityGlobals) = postSolution
		SolutionGuid = {59B69FA0-DB37-448C-B903-08BB65AEB7D7}
	EndGlobalSection
EndGlobal
